
Microsoft Visual Studio Solution File, Format Version 12.00
# Visual Studio Version 17
VisualStudioVersion = 17.1.32328.378
MinimumVisualStudioVersion = 10.0.40219.1
Project("{2150E333-8FDC-42A3-9474-1A3956D46DE8}") = "Domain", "Domain", "{40040C20-1CAC-4684-A83C-B5E9C4585F62}"
EndProject
Project("{2150E333-8FDC-42A3-9474-1A3956D46DE8}") = "Infrastructure", "Infrastructure", "{BB1EB54D-6B16-4BC9-AB34-9E9B66421409}"
EndProject
Project("{2150E333-8FDC-42A3-9474-1A3956D46DE8}") = "Application", "Application", "{B09DF758-A92D-4BB3-BDB3-99D61748AC2D}"
EndProject
Project("{9A19103F-16F7-4668-BE54-9A1E7A4F7556}") = "FilesTransferApp.Infrastructure", "FilesTransferApp.Infrastructure\FilesTransferApp.Infrastructure.csproj", "{052EEB5B-A4BC-41F5-822B-D9168FEEEFD1}"
EndProject
Project("{2150E333-8FDC-42A3-9474-1A3956D46DE8}") = "Tests", "Tests", "{F39F2DC0-3BD7-46BB-AFDD-5FC121F20F4F}"
EndProject
Project("{9A19103F-16F7-4668-BE54-9A1E7A4F7556}") = "FilesTransferApp.Core", "FilesTransferApp.Core\FilesTransferApp.Core.csproj", "{F7890694-2AA5-4E99-94C1-E254E61DD36D}"
EndProject
Project("{FAE04EC0-301F-11D3-BF4B-00C04F79EFBC}") = "transfer", "transfer\transfer.csproj", "{6C851FE2-C2EB-46BC-B39F-FD6F4C34D2E9}"
EndProject
Global
	GlobalSection(SolutionConfigurationPlatforms) = preSolution
		Debug|Any CPU = Debug|Any CPU
		Release|Any CPU = Release|Any CPU
	EndGlobalSection
	GlobalSection(ProjectConfigurationPlatforms) = postSolution
		{052EEB5B-A4BC-41F5-822B-D9168FEEEFD1}.Debug|Any CPU.ActiveCfg = Debug|Any CPU
		{052EEB5B-A4BC-41F5-822B-D9168FEEEFD1}.Debug|Any CPU.Build.0 = Debug|Any CPU
		{052EEB5B-A4BC-41F5-822B-D9168FEEEFD1}.Release|Any CPU.ActiveCfg = Release|Any CPU
		{052EEB5B-A4BC-41F5-822B-D9168FEEEFD1}.Release|Any CPU.Build.0 = Release|Any CPU
		{F7890694-2AA5-4E99-94C1-E254E61DD36D}.Debug|Any CPU.ActiveCfg = Debug|Any CPU
		{F7890694-2AA5-4E99-94C1-E254E61DD36D}.Debug|Any CPU.Build.0 = Debug|Any CPU
		{F7890694-2AA5-4E99-94C1-E254E61DD36D}.Release|Any CPU.ActiveCfg = Release|Any CPU
		{F7890694-2AA5-4E99-94C1-E254E61DD36D}.Release|Any CPU.Build.0 = Release|Any CPU
		{6C851FE2-C2EB-46BC-B39F-FD6F4C34D2E9}.Debug|Any CPU.ActiveCfg = Debug|Any CPU
		{6C851FE2-C2EB-46BC-B39F-FD6F4C34D2E9}.Debug|Any CPU.Build.0 = Debug|Any CPU
		{6C851FE2-C2EB-46BC-B39F-FD6F4C34D2E9}.Release|Any CPU.ActiveCfg = Release|Any CPU
		{6C851FE2-C2EB-46BC-B39F-FD6F4C34D2E9}.Release|Any CPU.Build.0 = Release|Any CPU
	EndGlobalSection
	GlobalSection(SolutionProperties) = preSolution
		HideSolutionNode = FALSE
	EndGlobalSection
	GlobalSection(NestedProjects) = preSolution
		{052EEB5B-A4BC-41F5-822B-D9168FEEEFD1} = {BB1EB54D-6B16-4BC9-AB34-9E9B66421409}
		{F7890694-2AA5-4E99-94C1-E254E61DD36D} = {40040C20-1CAC-4684-A83C-B5E9C4585F62}
		{6C851FE2-C2EB-46BC-B39F-FD6F4C34D2E9} = {B09DF758-A92D-4BB3-BDB3-99D61748AC2D}
	EndGlobalSection
	GlobalSection(ExtensibilityGlobals) = postSolution
		SolutionGuid = {7FB74DE4-14E1-419A-84D8-073D20D00980}
	EndGlobalSection
EndGlobal
